{
  "version": 4,
  "terraform_version": "1.7.5",
  "serial": 6,
  "lineage": "27a3daff-2ea6-292d-b157-db7ed73b254c",
  "outputs": {},
  "resources": [
    {
      "mode": "data",
      "type": "azurerm_client_config",
      "name": "current",
      "provider": "provider[\"registry.terraform.io/hashicorp/azurerm\"]",
      "instances": [
        {
          "schema_version": 0,
          "attributes": {
            "client_id": "04b07795-8ddb-461a-bbee-02f9e1bf7b46",
            "id": "Y2xpZW50Q29uZmlncy9jbGllbnRJZD0wNGIwNzc5NS04ZGRiLTQ2MWEtYmJlZS0wMmY5ZTFiZjdiNDY7b2JqZWN0SWQ9ZmE2ODFkMDEtOWU4Mi00OGVlLWE4MGUtNjMxMWFmOGU4OTYxO3N1YnNjcmlwdGlvbklkPTU3MjBiNzE3LTQ2NzUtNGJhNS05ZDhkLWMxYzYxYmIwYWQ0ODt0ZW5hbnRJZD00YjBkZTQyMy1iNzkxLTRiNzktOGQwZi01MTUwMmMxMjY5YWQ=",
            "object_id": "fa681d01-9e82-48ee-a80e-6311af8e8961",
            "subscription_id": "5720b717-4675-4ba5-9d8d-c1c61bb0ad48",
            "tenant_id": "4b0de423-b791-4b79-8d0f-51502c1269ad",
            "timeouts": null
          },
          "sensitive_attributes": []
        }
      ]
    },
    {
      "mode": "managed",
      "type": "azurerm_key_vault",
      "name": "keyvault",
      "provider": "provider[\"registry.terraform.io/hashicorp/azurerm\"]",
      "instances": [
        {
          "schema_version": 2,
          "attributes": {
            "access_policy": [
              {
                "application_id": "",
                "certificate_permissions": null,
                "key_permissions": [
                  "Get"
                ],
                "object_id": "fa681d01-9e82-48ee-a80e-6311af8e8961",
                "secret_permissions": [
                  "Set",
                  "Get",
                  "Delete",
                  "Purge",
                  "Recover"
                ],
                "storage_permissions": [
                  "Get"
                ],
                "tenant_id": "4b0de423-b791-4b79-8d0f-51502c1269ad"
              }
            ],
            "contact": [],
            "enable_rbac_authorization": false,
            "enabled_for_deployment": false,
            "enabled_for_disk_encryption": true,
            "enabled_for_template_deployment": false,
            "id": "/subscriptions/5720b717-4675-4ba5-9d8d-c1c61bb0ad48/resourceGroups/jio-rg/providers/Microsoft.KeyVault/vaults/jiokvault",
            "location": "eastus",
            "name": "jiokvault",
            "network_acls": [
              {
                "bypass": "AzureServices",
                "default_action": "Allow",
                "ip_rules": [],
                "virtual_network_subnet_ids": []
              }
            ],
            "public_network_access_enabled": true,
            "purge_protection_enabled": false,
            "resource_group_name": "jio-rg",
            "sku_name": "standard",
            "soft_delete_retention_days": 90,
            "tags": null,
            "tenant_id": "4b0de423-b791-4b79-8d0f-51502c1269ad",
            "timeouts": null,
            "vault_uri": "https://jiokvault.vault.azure.net/"
          },
          "sensitive_attributes": [],
          "private": "eyJlMmJmYjczMC1lY2FhLTExZTYtOGY4OC0zNDM2M2JjN2M0YzAiOnsiY3JlYXRlIjoxODAwMDAwMDAwMDAwLCJkZWxldGUiOjE4MDAwMDAwMDAwMDAsInJlYWQiOjMwMDAwMDAwMDAwMCwidXBkYXRlIjoxODAwMDAwMDAwMDAwfSwic2NoZW1hX3ZlcnNpb24iOiIyIn0=",
          "dependencies": [
            "data.azurerm_client_config.current"
          ]
        }
      ]
    },
    {
      "mode": "managed",
      "type": "azurerm_key_vault_secret",
      "name": "secretpass",
      "provider": "provider[\"registry.terraform.io/hashicorp/azurerm\"]",
      "instances": [
        {
          "schema_version": 0,
          "attributes": {
            "content_type": "",
            "expiration_date": null,
            "id": "https://jiokvault.vault.azure.net/secrets/password/7a2c0e59449e46b287ae96e8bc1d7a5a",
            "key_vault_id": "/subscriptions/5720b717-4675-4ba5-9d8d-c1c61bb0ad48/resourceGroups/jio-rg/providers/Microsoft.KeyVault/vaults/jiokvault",
            "name": "password",
            "not_before_date": null,
            "resource_id": "/subscriptions/5720b717-4675-4ba5-9d8d-c1c61bb0ad48/resourceGroups/jio-rg/providers/Microsoft.KeyVault/vaults/jiokvault/secrets/password/versions/7a2c0e59449e46b287ae96e8bc1d7a5a",
            "resource_versionless_id": "/subscriptions/5720b717-4675-4ba5-9d8d-c1c61bb0ad48/resourceGroups/jio-rg/providers/Microsoft.KeyVault/vaults/jiokvault/secrets/password",
            "tags": null,
            "timeouts": null,
            "value": "jio2@123",
            "version": "7a2c0e59449e46b287ae96e8bc1d7a5a",
            "versionless_id": "https://jiokvault.vault.azure.net/secrets/password"
          },
          "sensitive_attributes": [],
          "private": "eyJlMmJmYjczMC1lY2FhLTExZTYtOGY4OC0zNDM2M2JjN2M0YzAiOnsiY3JlYXRlIjoxODAwMDAwMDAwMDAwLCJkZWxldGUiOjE4MDAwMDAwMDAwMDAsInJlYWQiOjE4MDAwMDAwMDAwMDAsInVwZGF0ZSI6MTgwMDAwMDAwMDAwMH19",
          "dependencies": [
            "azurerm_key_vault.keyvault",
            "data.azurerm_client_config.current"
          ]
        }
      ]
    },
    {
      "mode": "managed",
      "type": "azurerm_key_vault_secret",
      "name": "secretpass1",
      "provider": "provider[\"registry.terraform.io/hashicorp/azurerm\"]",
      "instances": [
        {
          "schema_version": 0,
          "attributes": {
            "content_type": "",
            "expiration_date": null,
            "id": "https://jiokvault.vault.azure.net/secrets/password/7a2c0e59449e46b287ae96e8bc1d7a5a",
            "key_vault_id": "/subscriptions/5720b717-4675-4ba5-9d8d-c1c61bb0ad48/resourceGroups/jio-rg/providers/Microsoft.KeyVault/vaults/jiokvault",
            "name": "password",
            "not_before_date": null,
            "resource_id": "/subscriptions/5720b717-4675-4ba5-9d8d-c1c61bb0ad48/resourceGroups/jio-rg/providers/Microsoft.KeyVault/vaults/jiokvault/secrets/password/versions/7a2c0e59449e46b287ae96e8bc1d7a5a",
            "resource_versionless_id": "/subscriptions/5720b717-4675-4ba5-9d8d-c1c61bb0ad48/resourceGroups/jio-rg/providers/Microsoft.KeyVault/vaults/jiokvault/secrets/password",
            "tags": null,
            "timeouts": null,
            "value": "jio2@123",
            "version": "7a2c0e59449e46b287ae96e8bc1d7a5a",
            "versionless_id": "https://jiokvault.vault.azure.net/secrets/password"
          },
          "sensitive_attributes": [],
          "private": "eyJlMmJmYjczMC1lY2FhLTExZTYtOGY4OC0zNDM2M2JjN2M0YzAiOnsiY3JlYXRlIjoxODAwMDAwMDAwMDAwLCJkZWxldGUiOjE4MDAwMDAwMDAwMDAsInJlYWQiOjE4MDAwMDAwMDAwMDAsInVwZGF0ZSI6MTgwMDAwMDAwMDAwMH19",
          "dependencies": [
            "azurerm_key_vault.keyvault",
            "data.azurerm_client_config.current"
          ]
        }
      ]
    },
    {
      "mode": "managed",
      "type": "azurerm_key_vault_secret",
      "name": "secretuser",
      "provider": "provider[\"registry.terraform.io/hashicorp/azurerm\"]",
      "instances": [
        {
          "schema_version": 0,
          "attributes": {
            "content_type": "",
            "expiration_date": null,
            "id": "https://jiokvault.vault.azure.net/secrets/username/c80e84a7df144429a425012aecd2e43b",
            "key_vault_id": "/subscriptions/5720b717-4675-4ba5-9d8d-c1c61bb0ad48/resourceGroups/jio-rg/providers/Microsoft.KeyVault/vaults/jiokvault",
            "name": "username",
            "not_before_date": null,
            "resource_id": "/subscriptions/5720b717-4675-4ba5-9d8d-c1c61bb0ad48/resourceGroups/jio-rg/providers/Microsoft.KeyVault/vaults/jiokvault/secrets/username/versions/c80e84a7df144429a425012aecd2e43b",
            "resource_versionless_id": "/subscriptions/5720b717-4675-4ba5-9d8d-c1c61bb0ad48/resourceGroups/jio-rg/providers/Microsoft.KeyVault/vaults/jiokvault/secrets/username",
            "tags": null,
            "timeouts": null,
            "value": "jio2-vm",
            "version": "c80e84a7df144429a425012aecd2e43b",
            "versionless_id": "https://jiokvault.vault.azure.net/secrets/username"
          },
          "sensitive_attributes": [],
          "private": "eyJlMmJmYjczMC1lY2FhLTExZTYtOGY4OC0zNDM2M2JjN2M0YzAiOnsiY3JlYXRlIjoxODAwMDAwMDAwMDAwLCJkZWxldGUiOjE4MDAwMDAwMDAwMDAsInJlYWQiOjE4MDAwMDAwMDAwMDAsInVwZGF0ZSI6MTgwMDAwMDAwMDAwMH19",
          "dependencies": [
            "azurerm_key_vault.keyvault",
            "data.azurerm_client_config.current"
          ]
        }
      ]
    },
    {
      "mode": "managed",
      "type": "azurerm_key_vault_secret",
      "name": "secretuser1",
      "provider": "provider[\"registry.terraform.io/hashicorp/azurerm\"]",
      "instances": [
        {
          "schema_version": 0,
          "attributes": {
            "content_type": "",
            "expiration_date": null,
            "id": "https://jiokvault.vault.azure.net/secrets/username/c80e84a7df144429a425012aecd2e43b",
            "key_vault_id": "/subscriptions/5720b717-4675-4ba5-9d8d-c1c61bb0ad48/resourceGroups/jio-rg/providers/Microsoft.KeyVault/vaults/jiokvault",
            "name": "username",
            "not_before_date": null,
            "resource_id": "/subscriptions/5720b717-4675-4ba5-9d8d-c1c61bb0ad48/resourceGroups/jio-rg/providers/Microsoft.KeyVault/vaults/jiokvault/secrets/username/versions/c80e84a7df144429a425012aecd2e43b",
            "resource_versionless_id": "/subscriptions/5720b717-4675-4ba5-9d8d-c1c61bb0ad48/resourceGroups/jio-rg/providers/Microsoft.KeyVault/vaults/jiokvault/secrets/username",
            "tags": null,
            "timeouts": null,
            "value": "jio2-vm",
            "version": "c80e84a7df144429a425012aecd2e43b",
            "versionless_id": "https://jiokvault.vault.azure.net/secrets/username"
          },
          "sensitive_attributes": [],
          "private": "eyJlMmJmYjczMC1lY2FhLTExZTYtOGY4OC0zNDM2M2JjN2M0YzAiOnsiY3JlYXRlIjoxODAwMDAwMDAwMDAwLCJkZWxldGUiOjE4MDAwMDAwMDAwMDAsInJlYWQiOjE4MDAwMDAwMDAwMDAsInVwZGF0ZSI6MTgwMDAwMDAwMDAwMH19",
          "dependencies": [
            "azurerm_key_vault.keyvault",
            "data.azurerm_client_config.current"
          ]
        }
      ]
    }
  ],
  "check_results": null
}
